<?xml version="1.0" encoding="utf-8"?>
<Project ToolsVersion="4.0" xmlns="http://schemas.microsoft.com/developer/msbuild/2003">
  <ItemGroup>
    <Filter Include="Source Files">
      <UniqueIdentifier>{4FC737F1-C7A5-4376-A066-2A32D752A2FF}</UniqueIdentifier>
      <Extensions>cpp;c;cc;cxx;def;odl;idl;hpj;bat;asm;asmx</Extensions>
    </Filter>
    <Filter Include="Header Files">
      <UniqueIdentifier>{93995380-89BD-4b04-88EB-625FBE52EBFB}</UniqueIdentifier>
      <Extensions>h;hh;hpp;hxx;hm;inl;inc;xsd</Extensions>
    </Filter>
    <Filter Include="Resource Files">
      <UniqueIdentifier>{67DA6AB6-F800-4c08-8B7A-83BB121AAD01}</UniqueIdentifier>
      <Extensions>rc;ico;cur;bmp;dlg;rc2;rct;bin;rgs;gif;jpg;jpeg;jpe;resx;tiff;tif;png;wav</Extensions>
    </Filter>
  </ItemGroup>
  <ItemGroup>
    <ClCompile Include="cf\div3\1042\A.cpp">
      <Filter>Source Files</Filter>
    </ClCompile>
    <ClCompile Include="cf\div3\1042\B.cpp">
      <Filter>Source Files</Filter>
    </ClCompile>
    <ClCompile Include="cf\div3\1042\C.cpp">
      <Filter>Source Files</Filter>
    </ClCompile>
    <ClCompile Include="cf\div3\1042\D.cpp">
      <Filter>Source Files</Filter>
    </ClCompile>
    <ClCompile Include="cf\div3\1042\E.cpp">
      <Filter>Source Files</Filter>
    </ClCompile>
    <ClCompile Include="cf\div3\1042\F.cpp">
      <Filter>Source Files</Filter>
    </ClCompile>
    <ClCompile Include="cf\div3\1042\H.cpp">
      <Filter>Source Files</Filter>
    </ClCompile>
    <ClCompile Include="cf\div3\1042\P12391-F题变种.cpp">
      <Filter>Source Files</Filter>
    </ClCompile>
    <ClCompile Include="cf\div3\1043\A.cpp">
      <Filter>Source Files</Filter>
    </ClCompile>
    <ClCompile Include="cf\div3\1043\B.cpp">
      <Filter>Source Files</Filter>
    </ClCompile>
    <ClCompile Include="cf\div3\1043\C1.cpp">
      <Filter>Source Files</Filter>
    </ClCompile>
    <ClCompile Include="cf\div3\1043\C2.cpp">
      <Filter>Source Files</Filter>
    </ClCompile>
    <ClCompile Include="cf\div3\1043\D.cpp">
      <Filter>Source Files</Filter>
    </ClCompile>
    <ClCompile Include="cf\div3\1043\E.cpp">
      <Filter>Source Files</Filter>
    </ClCompile>
    <ClCompile Include="cf\div3\1043\F.cpp">
      <Filter>Source Files</Filter>
    </ClCompile>
    <ClCompile Include="cf\div3\1043\G-fake.cpp">
      <Filter>Source Files</Filter>
    </ClCompile>
    <ClCompile Include="cf\div3\1043\G-real solution.cpp">
      <Filter>Source Files</Filter>
    </ClCompile>
    <ClCompile Include="cf\div3\1047\A.cpp">
      <Filter>Source Files</Filter>
    </ClCompile>
    <ClCompile Include="cf\div3\1047\B.cpp">
      <Filter>Source Files</Filter>
    </ClCompile>
    <ClCompile Include="cf\div3\1047\C.cpp">
      <Filter>Source Files</Filter>
    </ClCompile>
    <ClCompile Include="cf\div3\1047\D.cpp">
      <Filter>Source Files</Filter>
    </ClCompile>
    <ClCompile Include="cf\div3\1047\F.cpp">
      <Filter>Source Files</Filter>
    </ClCompile>
    <ClCompile Include="cf\div3\1047\G.cpp">
      <Filter>Source Files</Filter>
    </ClCompile>
    <ClCompile Include="cf\div3\1054\A.cpp">
      <Filter>Source Files</Filter>
    </ClCompile>
    <ClCompile Include="cf\div3\1054\B.cpp">
      <Filter>Source Files</Filter>
    </ClCompile>
    <ClCompile Include="cf\div3\1054\C.cpp">
      <Filter>Source Files</Filter>
    </ClCompile>
    <ClCompile Include="cf\div3\1054\D.cpp">
      <Filter>Source Files</Filter>
    </ClCompile>
    <ClCompile Include="cf\div3\1054\E.cpp">
      <Filter>Source Files</Filter>
    </ClCompile>
    <ClCompile Include="cf\div3\1054\F.cpp">
      <Filter>Source Files</Filter>
    </ClCompile>
    <ClCompile Include="cf\div3\1054\G.cpp">
      <Filter>Source Files</Filter>
    </ClCompile>
    <ClCompile Include="cf\div3\1059\A.cpp">
      <Filter>Source Files</Filter>
    </ClCompile>
    <ClCompile Include="cf\div3\1059\B.cpp">
      <Filter>Source Files</Filter>
    </ClCompile>
    <ClCompile Include="cf\div3\1059\C.cpp">
      <Filter>Source Files</Filter>
    </ClCompile>
    <ClCompile Include="cf\div3\1059\D.cpp">
      <Filter>Source Files</Filter>
    </ClCompile>
    <ClCompile Include="cf\div3\1059\E.cpp">
      <Filter>Source Files</Filter>
    </ClCompile>
    <ClCompile Include="cf\div3\1059\F.cpp">
      <Filter>Source Files</Filter>
    </ClCompile>
    <ClCompile Include="cf\div3\1059\G.cpp">
      <Filter>Source Files</Filter>
    </ClCompile>
    <ClCompile Include="cf\div3\1059\H.cpp">
      <Filter>Source Files</Filter>
    </ClCompile>
    <ClCompile Include="cf\div3\1065\A.cpp">
      <Filter>Source Files</Filter>
    </ClCompile>
    <ClCompile Include="cf\div3\1065\B.cpp">
      <Filter>Source Files</Filter>
    </ClCompile>
    <ClCompile Include="cf\武汉2024“核桃杯”\A.cpp">
      <Filter>Source Files</Filter>
    </ClCompile>
    <ClCompile Include="cf\武汉2024“核桃杯”\B.cpp">
      <Filter>Source Files</Filter>
    </ClCompile>
    <ClCompile Include="hdoj\dx1\1001.cpp">
      <Filter>Source Files</Filter>
    </ClCompile>
    <ClCompile Include="hdoj\dx1\1002.cpp">
      <Filter>Source Files</Filter>
    </ClCompile>
    <ClCompile Include="hdoj\dx1\1003.cpp">
      <Filter>Source Files</Filter>
    </ClCompile>
    <ClCompile Include="hdoj\dx1\1004.cpp">
      <Filter>Source Files</Filter>
    </ClCompile>
    <ClCompile Include="hdoj\dx1\1005.cpp">
      <Filter>Source Files</Filter>
    </ClCompile>
    <ClCompile Include="hdoj\dx1\1006.cpp">
      <Filter>Source Files</Filter>
    </ClCompile>
    <ClCompile Include="hdoj\dx1\1007.cpp">
      <Filter>Source Files</Filter>
    </ClCompile>
    <ClCompile Include="hdoj\dx1\1008.cpp">
      <Filter>Source Files</Filter>
    </ClCompile>
    <ClCompile Include="hdoj\dx1\1009.cpp">
      <Filter>Source Files</Filter>
    </ClCompile>
    <ClCompile Include="hdoj\dx1\1010.cpp">
      <Filter>Source Files</Filter>
    </ClCompile>
    <ClCompile Include="hdoj\dx1\1011.cpp">
      <Filter>Source Files</Filter>
    </ClCompile>
    <ClCompile Include="hdoj\dx1\1012.cpp">
      <Filter>Source Files</Filter>
    </ClCompile>
    <ClCompile Include="hdoj\dx10\1013.cpp">
      <Filter>Source Files</Filter>
    </ClCompile>
    <ClCompile Include="hdoj\dx2\1001.cpp">
      <Filter>Source Files</Filter>
    </ClCompile>
    <ClCompile Include="hdoj\dx2\1001（计算版.cpp">
      <Filter>Source Files</Filter>
    </ClCompile>
    <ClCompile Include="hdoj\dx2\1002.cpp">
      <Filter>Source Files</Filter>
    </ClCompile>
    <ClCompile Include="hdoj\dx2\1003.cpp">
      <Filter>Source Files</Filter>
    </ClCompile>
    <ClCompile Include="hdoj\dx2\1004.cpp">
      <Filter>Source Files</Filter>
    </ClCompile>
    <ClCompile Include="hdoj\dx2\1005.cpp">
      <Filter>Source Files</Filter>
    </ClCompile>
    <ClCompile Include="hdoj\dx2\1006.cpp">
      <Filter>Source Files</Filter>
    </ClCompile>
    <ClCompile Include="hdoj\dx2\1007.cpp">
      <Filter>Source Files</Filter>
    </ClCompile>
    <ClCompile Include="hdoj\dx2\1008.cpp">
      <Filter>Source Files</Filter>
    </ClCompile>
    <ClCompile Include="hdoj\dx2\1009.cpp">
      <Filter>Source Files</Filter>
    </ClCompile>
    <ClCompile Include="hdoj\dx2\1010.cpp">
      <Filter>Source Files</Filter>
    </ClCompile>
    <ClCompile Include="hdoj\dx2\1011.cpp">
      <Filter>Source Files</Filter>
    </ClCompile>
    <ClCompile Include="hdoj\dx2\1012.cpp">
      <Filter>Source Files</Filter>
    </ClCompile>
    <ClCompile Include="hdoj\dx3\1001.cpp">
      <Filter>Source Files</Filter>
    </ClCompile>
    <ClCompile Include="hdoj\dx3\1002.cpp">
      <Filter>Source Files</Filter>
    </ClCompile>
    <ClCompile Include="hdoj\dx3\1003.cpp">
      <Filter>Source Files</Filter>
    </ClCompile>
    <ClCompile Include="hdoj\dx3\1004.cpp">
      <Filter>Source Files</Filter>
    </ClCompile>
    <ClCompile Include="hdoj\dx3\1005.cpp">
      <Filter>Source Files</Filter>
    </ClCompile>
    <ClCompile Include="hdoj\dx3\1006.cpp">
      <Filter>Source Files</Filter>
    </ClCompile>
    <ClCompile Include="hdoj\dx3\1007.cpp">
      <Filter>Source Files</Filter>
    </ClCompile>
    <ClCompile Include="hdoj\dx3\1008.cpp">
      <Filter>Source Files</Filter>
    </ClCompile>
    <ClCompile Include="hdoj\dx3\1009.cpp">
      <Filter>Source Files</Filter>
    </ClCompile>
    <ClCompile Include="hdoj\dx3\1010.cpp">
      <Filter>Source Files</Filter>
    </ClCompile>
    <ClCompile Include="hdoj\dx3\1011.cpp">
      <Filter>Source Files</Filter>
    </ClCompile>
    <ClCompile Include="hdoj\dx3\1012.cpp">
      <Filter>Source Files</Filter>
    </ClCompile>
    <ClCompile Include="hdoj\dx4\1001.cpp">
      <Filter>Source Files</Filter>
    </ClCompile>
    <ClCompile Include="hdoj\dx4\1002.cpp">
      <Filter>Source Files</Filter>
    </ClCompile>
    <ClCompile Include="hdoj\dx4\1003.cpp">
      <Filter>Source Files</Filter>
    </ClCompile>
    <ClCompile Include="hdoj\dx4\1004.cpp">
      <Filter>Source Files</Filter>
    </ClCompile>
    <ClCompile Include="hdoj\dx4\1005.cpp">
      <Filter>Source Files</Filter>
    </ClCompile>
    <ClCompile Include="hdoj\dx4\1006.cpp">
      <Filter>Source Files</Filter>
    </ClCompile>
    <ClCompile Include="hdoj\dx4\1007.cpp">
      <Filter>Source Files</Filter>
    </ClCompile>
    <ClCompile Include="hdoj\dx4\1008.cpp">
      <Filter>Source Files</Filter>
    </ClCompile>
    <ClCompile Include="hdoj\dx4\1009.cpp">
      <Filter>Source Files</Filter>
    </ClCompile>
    <ClCompile Include="hdoj\dx4\1010.cpp">
      <Filter>Source Files</Filter>
    </ClCompile>
    <ClCompile Include="hdoj\dx4\1011.cpp">
      <Filter>Source Files</Filter>
    </ClCompile>
    <ClCompile Include="hdoj\dx4\1012.cpp">
      <Filter>Source Files</Filter>
    </ClCompile>
    <ClCompile Include="hdoj\dx5\1001.cpp">
      <Filter>Source Files</Filter>
    </ClCompile>
    <ClCompile Include="hdoj\dx8\1009.cpp">
      <Filter>Source Files</Filter>
    </ClCompile>
    <ClCompile Include="libreoj\数列分块入门\6277.cpp">
      <Filter>Source Files</Filter>
    </ClCompile>
    <ClCompile Include="nowcoder\dx1\A.cpp">
      <Filter>Source Files</Filter>
    </ClCompile>
    <ClCompile Include="nowcoder\dx1\B.cpp">
      <Filter>Source Files</Filter>
    </ClCompile>
    <ClCompile Include="nowcoder\dx1\C.cpp">
      <Filter>Source Files</Filter>
    </ClCompile>
    <ClCompile Include="nowcoder\dx1\E.cpp">
      <Filter>Source Files</Filter>
    </ClCompile>
    <ClCompile Include="nowcoder\dx1\G.cpp">
      <Filter>Source Files</Filter>
    </ClCompile>
    <ClCompile Include="nowcoder\dx1\H(暴力版).cpp">
      <Filter>Source Files</Filter>
    </ClCompile>
    <ClCompile Include="nowcoder\dx1\H.cpp">
      <Filter>Source Files</Filter>
    </ClCompile>
    <ClCompile Include="nowcoder\dx1\I.cpp">
      <Filter>Source Files</Filter>
    </ClCompile>
    <ClCompile Include="nowcoder\dx1\K.cpp">
      <Filter>Source Files</Filter>
    </ClCompile>
    <ClCompile Include="nowcoder\dx1\K.题解高手（模板）.cpp">
      <Filter>Source Files</Filter>
    </ClCompile>
    <ClCompile Include="nowcoder\dx1\L.cpp">
      <Filter>Source Files</Filter>
    </ClCompile>
    <ClCompile Include="nowcoder\dx1\.idea\D.cpp">
      <Filter>Source Files</Filter>
    </ClCompile>
    <ClCompile Include="nowcoder\dx1\.idea\J.cpp">
      <Filter>Source Files</Filter>
    </ClCompile>
    <ClCompile Include="nowcoder\dx2\A.cpp">
      <Filter>Source Files</Filter>
    </ClCompile>
    <ClCompile Include="nowcoder\dx2\B.cpp">
      <Filter>Source Files</Filter>
    </ClCompile>
    <ClCompile Include="nowcoder\dx2\C.cpp">
      <Filter>Source Files</Filter>
    </ClCompile>
    <ClCompile Include="nowcoder\dx2\D.cpp">
      <Filter>Source Files</Filter>
    </ClCompile>
    <ClCompile Include="nowcoder\dx2\E.cpp">
      <Filter>Source Files</Filter>
    </ClCompile>
    <ClCompile Include="nowcoder\dx2\F.cpp">
      <Filter>Source Files</Filter>
    </ClCompile>
    <ClCompile Include="nowcoder\dx2\G.cpp">
      <Filter>Source Files</Filter>
    </ClCompile>
    <ClCompile Include="nowcoder\dx2\H.cpp">
      <Filter>Source Files</Filter>
    </ClCompile>
    <ClCompile Include="nowcoder\dx2\I.cpp">
      <Filter>Source Files</Filter>
    </ClCompile>
    <ClCompile Include="nowcoder\dx2\J.cpp">
      <Filter>Source Files</Filter>
    </ClCompile>
    <ClCompile Include="nowcoder\dx2\K.cpp">
      <Filter>Source Files</Filter>
    </ClCompile>
    <ClCompile Include="nowcoder\dx2\L.cpp">
      <Filter>Source Files</Filter>
    </ClCompile>
    <ClCompile Include="nowcoder\dx2\M.cpp">
      <Filter>Source Files</Filter>
    </ClCompile>
    <ClCompile Include="nowcoder\dx3\A.cpp">
      <Filter>Source Files</Filter>
    </ClCompile>
    <ClCompile Include="nowcoder\dx3\B.cpp">
      <Filter>Source Files</Filter>
    </ClCompile>
    <ClCompile Include="nowcoder\dx3\C.cpp">
      <Filter>Source Files</Filter>
    </ClCompile>
    <ClCompile Include="nowcoder\dx3\D.cpp">
      <Filter>Source Files</Filter>
    </ClCompile>
    <ClCompile Include="nowcoder\dx3\E.cpp">
      <Filter>Source Files</Filter>
    </ClCompile>
    <ClCompile Include="nowcoder\dx3\F.cpp">
      <Filter>Source Files</Filter>
    </ClCompile>
    <ClCompile Include="nowcoder\dx3\G.cpp">
      <Filter>Source Files</Filter>
    </ClCompile>
    <ClCompile Include="nowcoder\dx3\H.cpp">
      <Filter>Source Files</Filter>
    </ClCompile>
    <ClCompile Include="nowcoder\dx3\I.cpp">
      <Filter>Source Files</Filter>
    </ClCompile>
    <ClCompile Include="nowcoder\dx3\J.cpp">
      <Filter>Source Files</Filter>
    </ClCompile>
    <ClCompile Include="nowcoder\dx3\K.cpp">
      <Filter>Source Files</Filter>
    </ClCompile>
    <ClCompile Include="nowcoder\dx4\A.cpp">
      <Filter>Source Files</Filter>
    </ClCompile>
    <ClCompile Include="nowcoder\dx4\B.cpp">
      <Filter>Source Files</Filter>
    </ClCompile>
    <ClCompile Include="nowcoder\dx4\C.cpp">
      <Filter>Source Files</Filter>
    </ClCompile>
    <ClCompile Include="nowcoder\dx4\D.cpp">
      <Filter>Source Files</Filter>
    </ClCompile>
    <ClCompile Include="nowcoder\dx4\E.cpp">
      <Filter>Source Files</Filter>
    </ClCompile>
    <ClCompile Include="nowcoder\dx4\F.cpp">
      <Filter>Source Files</Filter>
    </ClCompile>
    <ClCompile Include="nowcoder\dx4\G.cpp">
      <Filter>Source Files</Filter>
    </ClCompile>
    <ClCompile Include="nowcoder\dx4\H.cpp">
      <Filter>Source Files</Filter>
    </ClCompile>
    <ClCompile Include="nowcoder\dx4\I.cpp">
      <Filter>Source Files</Filter>
    </ClCompile>
    <ClCompile Include="nowcoder\dx4\J.cpp">
      <Filter>Source Files</Filter>
    </ClCompile>
    <ClCompile Include="nowcoder\dx4\K.cpp">
      <Filter>Source Files</Filter>
    </ClCompile>
    <ClCompile Include="nowcoder\dx4\L.cpp">
      <Filter>Source Files</Filter>
    </ClCompile>
    <ClCompile Include="nowcoder\dx4\M.cpp">
      <Filter>Source Files</Filter>
    </ClCompile>
    <ClCompile Include="nowcoder\dx5\C.cpp">
      <Filter>Source Files</Filter>
    </ClCompile>
    <ClCompile Include="nowcoder\dx5\E.cpp">
      <Filter>Source Files</Filter>
    </ClCompile>
    <ClCompile Include="nowcoder\dx5\2025nk5_std_pack\A.cpp">
      <Filter>Source Files</Filter>
    </ClCompile>
    <ClCompile Include="nowcoder\dx5\2025nk5_std_pack\B.cpp">
      <Filter>Source Files</Filter>
    </ClCompile>
    <ClCompile Include="nowcoder\dx5\2025nk5_std_pack\C.cpp">
      <Filter>Source Files</Filter>
    </ClCompile>
    <ClCompile Include="nowcoder\dx5\2025nk5_std_pack\D.cpp">
      <Filter>Source Files</Filter>
    </ClCompile>
    <ClCompile Include="nowcoder\dx5\2025nk5_std_pack\E.cpp">
      <Filter>Source Files</Filter>
    </ClCompile>
    <ClCompile Include="nowcoder\dx5\2025nk5_std_pack\F.cpp">
      <Filter>Source Files</Filter>
    </ClCompile>
    <ClCompile Include="nowcoder\dx5\2025nk5_std_pack\G.cpp">
      <Filter>Source Files</Filter>
    </ClCompile>
    <ClCompile Include="nowcoder\dx5\2025nk5_std_pack\H.cpp">
      <Filter>Source Files</Filter>
    </ClCompile>
    <ClCompile Include="nowcoder\dx5\2025nk5_std_pack\I.cpp">
      <Filter>Source Files</Filter>
    </ClCompile>
    <ClCompile Include="nowcoder\dx5\2025nk5_std_pack\J.cpp">
      <Filter>Source Files</Filter>
    </ClCompile>
    <ClCompile Include="nowcoder\dx5\2025nk5_std_pack\K.cpp">
      <Filter>Source Files</Filter>
    </ClCompile>
    <ClCompile Include="nowcoder\dx5\2025nk5_std_pack\L.cpp">
      <Filter>Source Files</Filter>
    </ClCompile>
    <ClCompile Include="nowcoder\dx5\2025nk5_std_pack\M.cpp">
      <Filter>Source Files</Filter>
    </ClCompile>
    <ClCompile Include="nowcoder\dx6\A.cpp">
      <Filter>Source Files</Filter>
    </ClCompile>
    <ClCompile Include="nowcoder\dx6\B.cpp">
      <Filter>Source Files</Filter>
    </ClCompile>
    <ClCompile Include="nowcoder\dx6\C.cpp">
      <Filter>Source Files</Filter>
    </ClCompile>
    <ClCompile Include="nowcoder\dx6\D.cpp">
      <Filter>Source Files</Filter>
    </ClCompile>
    <ClCompile Include="nowcoder\dx6\E.cpp">
      <Filter>Source Files</Filter>
    </ClCompile>
    <ClCompile Include="nowcoder\dx6\F.cpp">
      <Filter>Source Files</Filter>
    </ClCompile>
    <ClCompile Include="nowcoder\dx6\G.cpp">
      <Filter>Source Files</Filter>
    </ClCompile>
    <ClCompile Include="nowcoder\dx6\H.cpp">
      <Filter>Source Files</Filter>
    </ClCompile>
    <ClCompile Include="nowcoder\dx6\I.cpp">
      <Filter>Source Files</Filter>
    </ClCompile>
    <ClCompile Include="nowcoder\dx6\J.cpp">
      <Filter>Source Files</Filter>
    </ClCompile>
    <ClCompile Include="nowcoder\dx6\K.cpp">
      <Filter>Source Files</Filter>
    </ClCompile>
    <ClCompile Include="nowcoder\dx6\L.cpp">
      <Filter>Source Files</Filter>
    </ClCompile>
    <ClCompile Include="nowcoder\dx6\M.cpp">
      <Filter>Source Files</Filter>
    </ClCompile>
    <ClCompile Include="nowcoder\dx7\C.cpp">
      <Filter>Source Files</Filter>
    </ClCompile>
    <ClCompile Include="nowcoder\dx8\1009.cpp">
      <Filter>Source Files</Filter>
    </ClCompile>
    <ClCompile Include="nowcoder\dx8\C.cpp">
      <Filter>Source Files</Filter>
    </ClCompile>
    <ClCompile Include="洛谷\202507月赛\T634811.cpp">
      <Filter>Source Files</Filter>
    </ClCompile>
    <ClCompile Include="洛谷\202507月赛\T634812.cpp">
      <Filter>Source Files</Filter>
    </ClCompile>
    <ClCompile Include="洛谷\202507月赛\T634813.cpp">
      <Filter>Source Files</Filter>
    </ClCompile>
    <ClCompile Include="洛谷\202507月赛\T634814.cpp">
      <Filter>Source Files</Filter>
    </ClCompile>
    <ClCompile Include="洛谷\202507月赛\T634816.cpp">
      <Filter>Source Files</Filter>
    </ClCompile>
    <ClCompile Include="洛谷\202511月赛\291890.cpp">
      <Filter>Source Files</Filter>
    </ClCompile>
    <ClCompile Include="洛谷\202511月赛\T699644.cpp">
      <Filter>Source Files</Filter>
    </ClCompile>
    <ClCompile Include="洛谷\202511月赛\T699645.cpp">
      <Filter>Source Files</Filter>
    </ClCompile>
    <ClCompile Include="洛谷\202511月赛\T699647.cpp">
      <Filter>Source Files</Filter>
    </ClCompile>
    <ClCompile Include="洛谷\lgr249\T600132.cpp">
      <Filter>Source Files</Filter>
    </ClCompile>
    <ClCompile Include="洛谷\lgr249\T619940.cpp">
      <Filter>Source Files</Filter>
    </ClCompile>
    <ClCompile Include="洛谷\lgr249\T622599.cpp">
      <Filter>Source Files</Filter>
    </ClCompile>
    <ClCompile Include="洛谷\y=kx-b题解\t3.cpp">
      <Filter>Source Files</Filter>
    </ClCompile>
    <ClCompile Include="洛谷\y=kx-b题解\t4.cpp">
      <Filter>Source Files</Filter>
    </ClCompile>
    <ClCompile Include="洛谷\二分查找与二分答案\P1024.cpp">
      <Filter>Source Files</Filter>
    </ClCompile>
    <ClCompile Include="洛谷\二分查找与二分答案\P1102.cpp">
      <Filter>Source Files</Filter>
    </ClCompile>
    <ClCompile Include="洛谷\二分查找与二分答案\P1163.cpp">
      <Filter>Source Files</Filter>
    </ClCompile>
    <ClCompile Include="洛谷\二分查找与二分答案\P1182.cpp">
      <Filter>Source Files</Filter>
    </ClCompile>
    <ClCompile Include="洛谷\二分查找与二分答案\P1678.cpp">
      <Filter>Source Files</Filter>
    </ClCompile>
    <ClCompile Include="洛谷\二分查找与二分答案\P1873.cpp">
      <Filter>Source Files</Filter>
    </ClCompile>
    <ClCompile Include="洛谷\二分查找与二分答案\P2440.cpp">
      <Filter>Source Files</Filter>
    </ClCompile>
    <ClCompile Include="洛谷\二分查找与二分答案\P2678.cpp">
      <Filter>Source Files</Filter>
    </ClCompile>
    <ClCompile Include="洛谷\二分查找与二分答案\P3743.cpp">
      <Filter>Source Files</Filter>
    </ClCompile>
    <ClCompile Include="洛谷\二分查找与二分答案\P3853.cpp">
      <Filter>Source Files</Filter>
    </ClCompile>
    <ClCompile Include="洛谷\哈尔滨热身赛\P8008.cpp">
      <Filter>Source Files</Filter>
    </ClCompile>
    <ClCompile Include="洛谷\数列分块入门\E.cpp">
      <Filter>Source Files</Filter>
    </ClCompile>
    <ClCompile Include="洛谷\数列分块入门\P13976.cpp">
      <Filter>Source Files</Filter>
    </ClCompile>
    <ClCompile Include="洛谷\数列分块入门\P13979.cpp">
      <Filter>Source Files</Filter>
    </ClCompile>
    <ClCompile Include="洛谷\数列分块入门\P13982.cpp">
      <Filter>Source Files</Filter>
    </ClCompile>
    <ClCompile Include="洛谷\数列分块入门\P13983.cpp">
      <Filter>Source Files</Filter>
    </ClCompile>
    <ClCompile Include="洛谷\递推与递归\P1010.cpp">
      <Filter>Source Files</Filter>
    </ClCompile>
    <ClCompile Include="洛谷\递推与递归\P1228.cpp">
      <Filter>Source Files</Filter>
    </ClCompile>
    <ClCompile Include="洛谷\递推与递归\P1259.cpp">
      <Filter>Source Files</Filter>
    </ClCompile>
    <ClCompile Include="洛谷\递推与递归\P1498.cpp">
      <Filter>Source Files</Filter>
    </ClCompile>
    <ClCompile Include="洛谷\递推与递归\P1928.cpp">
      <Filter>Source Files</Filter>
    </ClCompile>
    <ClCompile Include="洛谷\递推与递归\P1990.cpp">
      <Filter>Source Files</Filter>
    </ClCompile>
    <ClCompile Include="洛谷\递推与递归\P2437.cpp">
      <Filter>Source Files</Filter>
    </ClCompile>
    <ClCompile Include="洛谷\递推与递归\P3612.cpp">
      <Filter>Source Files</Filter>
    </ClCompile>
  </ItemGroup>
</Project>